
Microsoft Visual Studio Solution File, Format Version 12.00
# Visual Studio Version 17
Project("{8BC9CEB8-8B4A-11D0-8D11-00A0C91BC942}") = "ALL_BUILD", "ALL_BUILD.vcxproj", "{0F331014-859F-371F-8AAA-A86866F67DC0}"
	ProjectSection(ProjectDependencies) = postProject
		{96A98856-DF19-357E-A405-CA5EE131DC45} = {96A98856-DF19-357E-A405-CA5EE131DC45}
		{D1D503B1-395B-3A57-9C2F-8C0575FE22A9} = {D1D503B1-395B-3A57-9C2F-8C0575FE22A9}
	EndProjectSection
EndProject
Project("{8BC9CEB8-8B4A-11D0-8D11-00A0C91BC942}") = "INSTALL", "INSTALL.vcxproj", "{00A7BD55-C511-3E48-BE52-1F646BD1B7EC}"
	ProjectSection(ProjectDependencies) = postProject
		{0F331014-859F-371F-8AAA-A86866F67DC0} = {0F331014-859F-371F-8AAA-A86866F67DC0}
		{96A98856-DF19-357E-A405-CA5EE131DC45} = {96A98856-DF19-357E-A405-CA5EE131DC45}
	EndProjectSection
EndProject
Project("{8BC9CEB8-8B4A-11D0-8D11-00A0C91BC942}") = "ZERO_CHECK", "..\\ZERO_CHECK.vcxproj", "{96A98856-DF19-357E-A405-CA5EE131DC45}"
	ProjectSection(ProjectDependencies) = postProject
	EndProjectSection
EndProject
Project("{8BC9CEB8-8B4A-11D0-8D11-00A0C91BC942}") = "aetheria", "aetheria.vcxproj", "{D1D503B1-395B-3A57-9C2F-8C0575FE22A9}"
	ProjectSection(ProjectDependencies) = postProject
		{96A98856-DF19-357E-A405-CA5EE131DC45} = {96A98856-DF19-357E-A405-CA5EE131DC45}
		{1C063315-0902-380E-BC8C-D5AB860550A2} = {1C063315-0902-380E-BC8C-D5AB860550A2}
		{D7A33FA5-899E-3E90-8E9A-5A83F049290F} = {D7A33FA5-899E-3E90-8E9A-5A83F049290F}
		{12B2C72B-DDD8-3732-9955-D5BECEC400F2} = {12B2C72B-DDD8-3732-9955-D5BECEC400F2}
	EndProjectSection
EndProject
Project("{8BC9CEB8-8B4A-11D0-8D11-00A0C91BC942}") = "flutter_assemble", "..\flutter\flutter_assemble.vcxproj", "{1C063315-0902-380E-BC8C-D5AB860550A2}"
	ProjectSection(ProjectDependencies) = postProject
		{96A98856-DF19-357E-A405-CA5EE131DC45} = {96A98856-DF19-357E-A405-CA5EE131DC45}
	EndProjectSection
EndProject
Project("{8BC9CEB8-8B4A-11D0-8D11-00A0C91BC942}") = "flutter_webrtc_plugin", "..\plugins\flutter_webrtc\flutter_webrtc_plugin.vcxproj", "{D7A33FA5-899E-3E90-8E9A-5A83F049290F}"
	ProjectSection(ProjectDependencies) = postProject
		{96A98856-DF19-357E-A405-CA5EE131DC45} = {96A98856-DF19-357E-A405-CA5EE131DC45}
		{1C063315-0902-380E-BC8C-D5AB860550A2} = {1C063315-0902-380E-BC8C-D5AB860550A2}
		{7FFF084D-D3A6-3074-876C-9BFBCDB6E739} = {7FFF084D-D3A6-3074-876C-9BFBCDB6E739}
	EndProjectSection
EndProject
Project("{8BC9CEB8-8B4A-11D0-8D11-00A0C91BC942}") = "flutter_wrapper_app", "..\flutter\flutter_wrapper_app.vcxproj", "{12B2C72B-DDD8-3732-9955-D5BECEC400F2}"
	ProjectSection(ProjectDependencies) = postProject
		{96A98856-DF19-357E-A405-CA5EE131DC45} = {96A98856-DF19-357E-A405-CA5EE131DC45}
		{1C063315-0902-380E-BC8C-D5AB860550A2} = {1C063315-0902-380E-BC8C-D5AB860550A2}
	EndProjectSection
EndProject
Project("{8BC9CEB8-8B4A-11D0-8D11-00A0C91BC942}") = "flutter_wrapper_plugin", "..\flutter\flutter_wrapper_plugin.vcxproj", "{7FFF084D-D3A6-3074-876C-9BFBCDB6E739}"
	ProjectSection(ProjectDependencies) = postProject
		{96A98856-DF19-357E-A405-CA5EE131DC45} = {96A98856-DF19-357E-A405-CA5EE131DC45}
		{1C063315-0902-380E-BC8C-D5AB860550A2} = {1C063315-0902-380E-BC8C-D5AB860550A2}
	EndProjectSection
EndProject
Global
	GlobalSection(SolutionConfigurationPlatforms) = preSolution
		Debug|x64 = Debug|x64
		Profile|x64 = Profile|x64
		Release|x64 = Release|x64
	EndGlobalSection
	GlobalSection(ProjectConfigurationPlatforms) = postSolution
		{0F331014-859F-371F-8AAA-A86866F67DC0}.Debug|x64.ActiveCfg = Debug|x64
		{0F331014-859F-371F-8AAA-A86866F67DC0}.Debug|x64.Build.0 = Debug|x64
		{0F331014-859F-371F-8AAA-A86866F67DC0}.Profile|x64.ActiveCfg = Profile|x64
		{0F331014-859F-371F-8AAA-A86866F67DC0}.Profile|x64.Build.0 = Profile|x64
		{0F331014-859F-371F-8AAA-A86866F67DC0}.Release|x64.ActiveCfg = Release|x64
		{0F331014-859F-371F-8AAA-A86866F67DC0}.Release|x64.Build.0 = Release|x64
		{00A7BD55-C511-3E48-BE52-1F646BD1B7EC}.Debug|x64.ActiveCfg = Debug|x64
		{00A7BD55-C511-3E48-BE52-1F646BD1B7EC}.Profile|x64.ActiveCfg = Profile|x64
		{00A7BD55-C511-3E48-BE52-1F646BD1B7EC}.Release|x64.ActiveCfg = Release|x64
		{96A98856-DF19-357E-A405-CA5EE131DC45}.Debug|x64.ActiveCfg = Debug|x64
		{96A98856-DF19-357E-A405-CA5EE131DC45}.Debug|x64.Build.0 = Debug|x64
		{96A98856-DF19-357E-A405-CA5EE131DC45}.Profile|x64.ActiveCfg = Profile|x64
		{96A98856-DF19-357E-A405-CA5EE131DC45}.Profile|x64.Build.0 = Profile|x64
		{96A98856-DF19-357E-A405-CA5EE131DC45}.Release|x64.ActiveCfg = Release|x64
		{96A98856-DF19-357E-A405-CA5EE131DC45}.Release|x64.Build.0 = Release|x64
		{D1D503B1-395B-3A57-9C2F-8C0575FE22A9}.Debug|x64.ActiveCfg = Debug|x64
		{D1D503B1-395B-3A57-9C2F-8C0575FE22A9}.Debug|x64.Build.0 = Debug|x64
		{D1D503B1-395B-3A57-9C2F-8C0575FE22A9}.Profile|x64.ActiveCfg = Profile|x64
		{D1D503B1-395B-3A57-9C2F-8C0575FE22A9}.Profile|x64.Build.0 = Profile|x64
		{D1D503B1-395B-3A57-9C2F-8C0575FE22A9}.Release|x64.ActiveCfg = Release|x64
		{D1D503B1-395B-3A57-9C2F-8C0575FE22A9}.Release|x64.Build.0 = Release|x64
		{1C063315-0902-380E-BC8C-D5AB860550A2}.Debug|x64.ActiveCfg = Debug|x64
		{1C063315-0902-380E-BC8C-D5AB860550A2}.Debug|x64.Build.0 = Debug|x64
		{1C063315-0902-380E-BC8C-D5AB860550A2}.Profile|x64.ActiveCfg = Profile|x64
		{1C063315-0902-380E-BC8C-D5AB860550A2}.Profile|x64.Build.0 = Profile|x64
		{1C063315-0902-380E-BC8C-D5AB860550A2}.Release|x64.ActiveCfg = Release|x64
		{1C063315-0902-380E-BC8C-D5AB860550A2}.Release|x64.Build.0 = Release|x64
		{D7A33FA5-899E-3E90-8E9A-5A83F049290F}.Debug|x64.ActiveCfg = Debug|x64
		{D7A33FA5-899E-3E90-8E9A-5A83F049290F}.Debug|x64.Build.0 = Debug|x64
		{D7A33FA5-899E-3E90-8E9A-5A83F049290F}.Profile|x64.ActiveCfg = Profile|x64
		{D7A33FA5-899E-3E90-8E9A-5A83F049290F}.Profile|x64.Build.0 = Profile|x64
		{D7A33FA5-899E-3E90-8E9A-5A83F049290F}.Release|x64.ActiveCfg = Release|x64
		{D7A33FA5-899E-3E90-8E9A-5A83F049290F}.Release|x64.Build.0 = Release|x64
		{12B2C72B-DDD8-3732-9955-D5BECEC400F2}.Debug|x64.ActiveCfg = Debug|x64
		{12B2C72B-DDD8-3732-9955-D5BECEC400F2}.Debug|x64.Build.0 = Debug|x64
		{12B2C72B-DDD8-3732-9955-D5BECEC400F2}.Profile|x64.ActiveCfg = Profile|x64
		{12B2C72B-DDD8-3732-9955-D5BECEC400F2}.Profile|x64.Build.0 = Profile|x64
		{12B2C72B-DDD8-3732-9955-D5BECEC400F2}.Release|x64.ActiveCfg = Release|x64
		{12B2C72B-DDD8-3732-9955-D5BECEC400F2}.Release|x64.Build.0 = Release|x64
		{7FFF084D-D3A6-3074-876C-9BFBCDB6E739}.Debug|x64.ActiveCfg = Debug|x64
		{7FFF084D-D3A6-3074-876C-9BFBCDB6E739}.Debug|x64.Build.0 = Debug|x64
		{7FFF084D-D3A6-3074-876C-9BFBCDB6E739}.Profile|x64.ActiveCfg = Profile|x64
		{7FFF084D-D3A6-3074-876C-9BFBCDB6E739}.Profile|x64.Build.0 = Profile|x64
		{7FFF084D-D3A6-3074-876C-9BFBCDB6E739}.Release|x64.ActiveCfg = Release|x64
		{7FFF084D-D3A6-3074-876C-9BFBCDB6E739}.Release|x64.Build.0 = Release|x64
	EndGlobalSection
	GlobalSection(ExtensibilityGlobals) = postSolution
		SolutionGuid = {32CADCBC-82FD-3337-9123-798D2DF845FA}
	EndGlobalSection
	GlobalSection(ExtensibilityAddIns) = postSolution
	EndGlobalSection
EndGlobal
